{
  "name": "fooddelivery",
  "version": "1.0.0",
  "lockfileVersion": 2,
  "requires": true,
  "packages": {
    "": {
      "name": "fooddelivery",
      "version": "1.0.0",
      "license": "ISC",
      "devDependencies": {
        "smooth-scrollbar": "^8.7.0"
      }
    },
    "node_modules/core-js": {
      "version": "3.20.0",
      "resolved": "https://registry.npmjs.org/core-js/-/core-js-3.20.0.tgz",
      "integrity": "sha512-KjbKU7UEfg4YPpskMtMXPhUKn7m/1OdTHTVjy09ScR2LVaoUXe8Jh0UdvN2EKUR6iKTJph52SJP95mAB0MnVLQ==",
      "dev": true,
      "hasInstallScript": true,
      "funding": {
        "type": "opencollective",
        "url": "https://opencollective.com/core-js"
      }
    },
    "node_modules/lodash-es": {
      "version": "4.17.21",
      "resolved": "https://registry.npmjs.org/lodash-es/-/lodash-es-4.17.21.tgz",
      "integrity": "sha512-mKnC+QJ9pWVzv+C4/U3rRsHapFfHvQFoFB92e52xeyGMcX6/OlIl78je1u8vePzYZSkkogMPJ2yjxxsb89cxyw==",
      "dev": true
    },
    "node_modules/smooth-scrollbar": {
      "version": "8.7.0",
      "resolved": "https://registry.npmjs.org/smooth-scrollbar/-/smooth-scrollbar-8.7.0.tgz",
      "integrity": "sha512-ckjRYfdDY6qrYh8X9rr4dfl60YALX11dzQfoQhiqhEGSEVMfEB2HMBW7mw8/j3lrkw1gml4A9HVvz/8qLfo44Q==",
      "dev": true,
      "dependencies": {
        "core-js": "^3.6.4",
        "lodash-es": "^4.17.21",
        "tslib": "^1.10.0"
      }
    },
    "node_modules/tslib": {
      "version": "1.14.1",
      "resolved": "https://registry.npmjs.org/tslib/-/tslib-1.14.1.tgz",
      "integrity": "sha512-Xni35NKzjgMrwevysHTCArtLDpPvye8zV/0E4EyYn43P7/7qvQwPh9BGkHewbMulVntbigmcT7rdX3BNo9wRJg==",
      "dev": true
    }
  },
  "dependencies": {
    "core-js": {
      "version": "3.20.0",
      "resolved": "https://registry.npmjs.org/core-js/-/core-js-3.20.0.tgz",
      "integrity": "sha512-KjbKU7UEfg4YPpskMtMXPhUKn7m/1OdTHTVjy09ScR2LVaoUXe8Jh0UdvN2EKUR6iKTJph52SJP95mAB0MnVLQ==",
      "dev": true
    },
    "lodash-es": {
      "version": "4.17.21",
      "resolved": "https://registry.npmjs.org/lodash-es/-/lodash-es-4.17.21.tgz",
      "integrity": "sha512-mKnC+QJ9pWVzv+C4/U3rRsHapFfHvQFoFB92e52xeyGMcX6/OlIl78je1u8vePzYZSkkogMPJ2yjxxsb89cxyw==",
      "dev": true
    },
    "smooth-scrollbar": {
      "version": "8.7.0",
      "resolved": "https://registry.npmjs.org/smooth-scrollbar/-/smooth-scrollbar-8.7.0.tgz",
      "integrity": "sha512-ckjRYfdDY6qrYh8X9rr4dfl60YALX11dzQfoQhiqhEGSEVMfEB2HMBW7mw8/j3lrkw1gml4A9HVvz/8qLfo44Q==",
      "dev": true,
      "requires": {
        "core-js": "^3.6.4",
        "lodash-es": "^4.17.21",
        "tslib": "^1.10.0"
      }
    },
    "tslib": {
      "version": "1.14.1",
      "resolved": "https://registry.npmjs.org/tslib/-/tslib-1.14.1.tgz",
      "integrity": "sha512-Xni35NKzjgMrwevysHTCArtLDpPvye8zV/0E4EyYn43P7/7qvQwPh9BGkHewbMulVntbigmcT7rdX3BNo9wRJg==",
      "dev": true
    }
  }
}
